
Microsoft Visual Studio Solution File, Format Version 12.00
Project("{FAE04EC0-301F-11D3-BF4B-00C04F79EFBC}") = "InventoryServiceTestProject", "InventoryServiceTestProject\InventoryServiceTestProject.csproj", "{7F8D59B0-AD15-447A-9287-D705BBAAA98F}"
EndProject
Project("{FAE04EC0-301F-11D3-BF4B-00C04F79EFBC}") = "InventoryService", "InventoryService\InventoryService.csproj", "{01ADE0E9-9BD5-4A50-BE8A-3C7F4817ED2F}"
EndProject
Global
	GlobalSection(SolutionConfigurationPlatforms) = preSolution
		Debug|Any CPU = Debug|Any CPU
		Release|Any CPU = Release|Any CPU
	EndGlobalSection
	GlobalSection(ProjectConfigurationPlatforms) = postSolution
		{7F8D59B0-AD15-447A-9287-D705BBAAA98F}.Debug|Any CPU.ActiveCfg = Debug|Any CPU
		{7F8D59B0-AD15-447A-9287-D705BBAAA98F}.Debug|Any CPU.Build.0 = Debug|Any CPU
		{7F8D59B0-AD15-447A-9287-D705BBAAA98F}.Release|Any CPU.ActiveCfg = Release|Any CPU
		{7F8D59B0-AD15-447A-9287-D705BBAAA98F}.Release|Any CPU.Build.0 = Release|Any CPU
		{01ADE0E9-9BD5-4A50-BE8A-3C7F4817ED2F}.Debug|Any CPU.ActiveCfg = Debug|Any CPU
		{01ADE0E9-9BD5-4A50-BE8A-3C7F4817ED2F}.Debug|Any CPU.Build.0 = Debug|Any CPU
		{01ADE0E9-9BD5-4A50-BE8A-3C7F4817ED2F}.Release|Any CPU.ActiveCfg = Release|Any CPU
		{01ADE0E9-9BD5-4A50-BE8A-3C7F4817ED2F}.Release|Any CPU.Build.0 = Release|Any CPU
	EndGlobalSection
EndGlobal
